
Microsoft Visual Studio Solution File, Format Version 12.00
# Visual Studio 15
VisualStudioVersion = 15.0.28307.1169
MinimumVisualStudioVersion = 10.0.40219.1
Project("{FAE04EC0-301F-11D3-BF4B-00C04F79EFBC}") = "AdventOfCode2020", "AdventOfCode2020\AdventOfCode2020.csproj", "{86D7B1AE-972E-467C-819A-3B6EF9C4242B}"
EndProject
Global
	GlobalSection(SolutionConfigurationPlatforms) = preSolution
		Debug|Any CPU = Debug|Any CPU
		Release|Any CPU = Release|Any CPU
	EndGlobalSection
	GlobalSection(ProjectConfigurationPlatforms) = postSolution
		{86D7B1AE-972E-467C-819A-3B6EF9C4242B}.Debug|Any CPU.ActiveCfg = Debug|Any CPU
		{86D7B1AE-972E-467C-819A-3B6EF9C4242B}.Debug|Any CPU.Build.0 = Debug|Any CPU
		{86D7B1AE-972E-467C-819A-3B6EF9C4242B}.Release|Any CPU.ActiveCfg = Release|Any CPU
		{86D7B1AE-972E-467C-819A-3B6EF9C4242B}.Release|Any CPU.Build.0 = Release|Any CPU
	EndGlobalSection
	GlobalSection(SolutionProperties) = preSolution
		HideSolutionNode = FALSE
	EndGlobalSection
	GlobalSection(ExtensibilityGlobals) = postSolution
		SolutionGuid = {EFED4AEB-F938-414C-BC87-085EE5DBD937}
	EndGlobalSection
EndGlobal
